// !$*UTF8*$!
{
	archiveVersion = 1;
	classes = {
	};
	objectVersion = 56;
	objects = {

/* Begin PBXBuildFile section */
		EE713ED92B2FB78800FCB07C /* StoreAppApp.swift in Sources */ = {isa = PBXBuildFile; fileRef = EE713ED82B2FB78800FCB07C /* StoreAppApp.swift */; };
		EE713EDD2B2FB78A00FCB07C /* Assets.xcassets in Resources */ = {isa = PBXBuildFile; fileRef = EE713EDC2B2FB78A00FCB07C /* Assets.xcassets */; };
		EE713EE02B2FB78A00FCB07C /* Preview Assets.xcassets in Resources */ = {isa = PBXBuildFile; fileRef = EE713EDF2B2FB78A00FCB07C /* Preview Assets.xcassets */; };
		EE713EE72B2FC10D00FCB07C /* MainView.swift in Sources */ = {isa = PBXBuildFile; fileRef = EE713EE62B2FC10D00FCB07C /* MainView.swift */; };
		EE713EE92B2FC12200FCB07C /* CategoriesView.swift in Sources */ = {isa = PBXBuildFile; fileRef = EE713EE82B2FC12200FCB07C /* CategoriesView.swift */; };
		EE713EEB2B2FC12F00FCB07C /* ProductsView.swift in Sources */ = {isa = PBXBuildFile; fileRef = EE713EEA2B2FC12F00FCB07C /* ProductsView.swift */; };
		EE713EED2B2FC13F00FCB07C /* ProductDetailView.swift in Sources */ = {isa = PBXBuildFile; fileRef = EE713EEC2B2FC13F00FCB07C /* ProductDetailView.swift */; };
		EE713EF32B2FC7A700FCB07C /* AppTabBarView.swift in Sources */ = {isa = PBXBuildFile; fileRef = EE713EF22B2FC7A700FCB07C /* AppTabBarView.swift */; };
		EE713EF62B2FCA0B00FCB07C /* CustomTabBarView.swift in Sources */ = {isa = PBXBuildFile; fileRef = EE713EF52B2FCA0B00FCB07C /* CustomTabBarView.swift */; };
		EE713EF82B2FD72A00FCB07C /* CustomTabBarContainerView.swift in Sources */ = {isa = PBXBuildFile; fileRef = EE713EF72B2FD72A00FCB07C /* CustomTabBarContainerView.swift */; };
		EE713EFA2B2FDB1700FCB07C /* TabBarItemsPreferenceKey.swift in Sources */ = {isa = PBXBuildFile; fileRef = EE713EF92B2FDB1700FCB07C /* TabBarItemsPreferenceKey.swift */; };
		EE713EFC2B2FDE4700FCB07C /* TabBarItem.swift in Sources */ = {isa = PBXBuildFile; fileRef = EE713EFB2B2FDE4700FCB07C /* TabBarItem.swift */; };
		EE713EFF2B2FECD100FCB07C /* MainViewModel.swift in Sources */ = {isa = PBXBuildFile; fileRef = EE713EFE2B2FECD100FCB07C /* MainViewModel.swift */; };
		EE713F022B2FECE100FCB07C /* CategoriesViewModel.swift in Sources */ = {isa = PBXBuildFile; fileRef = EE713F012B2FECE100FCB07C /* CategoriesViewModel.swift */; };
		EE713F052B2FECFC00FCB07C /* ProductsViewModel.swift in Sources */ = {isa = PBXBuildFile; fileRef = EE713F042B2FECFC00FCB07C /* ProductsViewModel.swift */; };
		EE713F082B2FED1100FCB07C /* ProductDetailViewModel.swift in Sources */ = {isa = PBXBuildFile; fileRef = EE713F072B2FED1100FCB07C /* ProductDetailViewModel.swift */; };
		EE713F0A2B2FED1A00FCB07C /* ProductModel.swift in Sources */ = {isa = PBXBuildFile; fileRef = EE713F092B2FED1A00FCB07C /* ProductModel.swift */; };
		EE713F0D2B2FED2A00FCB07C /* NetworkManager.swift in Sources */ = {isa = PBXBuildFile; fileRef = EE713F0C2B2FED2A00FCB07C /* NetworkManager.swift */; };
		EE713F102B2FEFB900FCB07C /* ProductCardComponentView.swift in Sources */ = {isa = PBXBuildFile; fileRef = EE713F0F2B2FEFB900FCB07C /* ProductCardComponentView.swift */; };
		EE713F132B2FF5C000FCB07C /* TitleDescriptionComponentView.swift in Sources */ = {isa = PBXBuildFile; fileRef = EE713F122B2FF5C000FCB07C /* TitleDescriptionComponentView.swift */; };
		EE713F172B30379B00FCB07C /* CartButtonComponentView.swift in Sources */ = {isa = PBXBuildFile; fileRef = EE713F162B30379B00FCB07C /* CartButtonComponentView.swift */; };
		EE713F192B30EF1C00FCB07C /* PrimaryButtonComponentView.swift in Sources */ = {isa = PBXBuildFile; fileRef = EE713F182B30EF1C00FCB07C /* PrimaryButtonComponentView.swift */; };
/* End PBXBuildFile section */

/* Begin PBXFileReference section */
		EE713ED52B2FB78800FCB07C /* StoreApp.app */ = {isa = PBXFileReference; explicitFileType = wrapper.application; includeInIndex = 0; path = StoreApp.app; sourceTree = BUILT_PRODUCTS_DIR; };
		EE713ED82B2FB78800FCB07C /* StoreAppApp.swift */ = {isa = PBXFileReference; lastKnownFileType = sourcecode.swift; path = StoreAppApp.swift; sourceTree = "<group>"; };
		EE713EDC2B2FB78A00FCB07C /* Assets.xcassets */ = {isa = PBXFileReference; lastKnownFileType = folder.assetcatalog; path = Assets.xcassets; sourceTree = "<group>"; };
		EE713EDF2B2FB78A00FCB07C /* Preview Assets.xcassets */ = {isa = PBXFileReference; lastKnownFileType = folder.assetcatalog; path = "Preview Assets.xcassets"; sourceTree = "<group>"; };
		EE713EE62B2FC10D00FCB07C /* MainView.swift */ = {isa = PBXFileReference; lastKnownFileType = sourcecode.swift; path = MainView.swift; sourceTree = "<group>"; };
		EE713EE82B2FC12200FCB07C /* CategoriesView.swift */ = {isa = PBXFileReference; lastKnownFileType = sourcecode.swift; path = CategoriesView.swift; sourceTree = "<group>"; };
		EE713EEA2B2FC12F00FCB07C /* ProductsView.swift */ = {isa = PBXFileReference; lastKnownFileType = sourcecode.swift; path = ProductsView.swift; sourceTree = "<group>"; };
		EE713EEC2B2FC13F00FCB07C /* ProductDetailView.swift */ = {isa = PBXFileReference; lastKnownFileType = sourcecode.swift; path = ProductDetailView.swift; sourceTree = "<group>"; };
		EE713EF22B2FC7A700FCB07C /* AppTabBarView.swift */ = {isa = PBXFileReference; lastKnownFileType = sourcecode.swift; path = AppTabBarView.swift; sourceTree = "<group>"; };
		EE713EF52B2FCA0B00FCB07C /* CustomTabBarView.swift */ = {isa = PBXFileReference; lastKnownFileType = sourcecode.swift; path = CustomTabBarView.swift; sourceTree = "<group>"; };
		EE713EF72B2FD72A00FCB07C /* CustomTabBarContainerView.swift */ = {isa = PBXFileReference; lastKnownFileType = sourcecode.swift; path = CustomTabBarContainerView.swift; sourceTree = "<group>"; };
		EE713EF92B2FDB1700FCB07C /* TabBarItemsPreferenceKey.swift */ = {isa = PBXFileReference; lastKnownFileType = sourcecode.swift; path = TabBarItemsPreferenceKey.swift; sourceTree = "<group>"; };
		EE713EFB2B2FDE4700FCB07C /* TabBarItem.swift */ = {isa = PBXFileReference; lastKnownFileType = sourcecode.swift; path = TabBarItem.swift; sourceTree = "<group>"; };
		EE713EFE2B2FECD100FCB07C /* MainViewModel.swift */ = {isa = PBXFileReference; lastKnownFileType = sourcecode.swift; path = MainViewModel.swift; sourceTree = "<group>"; };
		EE713F012B2FECE100FCB07C /* CategoriesViewModel.swift */ = {isa = PBXFileReference; lastKnownFileType = sourcecode.swift; path = CategoriesViewModel.swift; sourceTree = "<group>"; };
		EE713F042B2FECFC00FCB07C /* ProductsViewModel.swift */ = {isa = PBXFileReference; lastKnownFileType = sourcecode.swift; path = ProductsViewModel.swift; sourceTree = "<group>"; };
		EE713F072B2FED1100FCB07C /* ProductDetailViewModel.swift */ = {isa = PBXFileReference; lastKnownFileType = sourcecode.swift; path = ProductDetailViewModel.swift; sourceTree = "<group>"; };
		EE713F092B2FED1A00FCB07C /* ProductModel.swift */ = {isa = PBXFileReference; lastKnownFileType = sourcecode.swift; path = ProductModel.swift; sourceTree = "<group>"; };
		EE713F0C2B2FED2A00FCB07C /* NetworkManager.swift */ = {isa = PBXFileReference; lastKnownFileType = sourcecode.swift; path = NetworkManager.swift; sourceTree = "<group>"; };
		EE713F0F2B2FEFB900FCB07C /* ProductCardComponentView.swift */ = {isa = PBXFileReference; lastKnownFileType = sourcecode.swift; path = ProductCardComponentView.swift; sourceTree = "<group>"; };
		EE713F122B2FF5C000FCB07C /* TitleDescriptionComponentView.swift */ = {isa = PBXFileReference; lastKnownFileType = sourcecode.swift; path = TitleDescriptionComponentView.swift; sourceTree = "<group>"; };
		EE713F162B30379B00FCB07C /* CartButtonComponentView.swift */ = {isa = PBXFileReference; lastKnownFileType = sourcecode.swift; path = CartButtonComponentView.swift; sourceTree = "<group>"; };
		EE713F182B30EF1C00FCB07C /* PrimaryButtonComponentView.swift */ = {isa = PBXFileReference; lastKnownFileType = sourcecode.swift; path = PrimaryButtonComponentView.swift; sourceTree = "<group>"; };
/* End PBXFileReference section */

/* Begin PBXFrameworksBuildPhase section */
		EE713ED22B2FB78800FCB07C /* Frameworks */ = {
			isa = PBXFrameworksBuildPhase;
			buildActionMask = 2147483647;
			files = (
			);
			runOnlyForDeploymentPostprocessing = 0;
		};
/* End PBXFrameworksBuildPhase section */

/* Begin PBXGroup section */
		EE713ECC2B2FB78800FCB07C = {
			isa = PBXGroup;
			children = (
				EE713ED72B2FB78800FCB07C /* StoreApp */,
				EE713ED62B2FB78800FCB07C /* Products */,
			);
			sourceTree = "<group>";
		};
		EE713ED62B2FB78800FCB07C /* Products */ = {
			isa = PBXGroup;
			children = (
				EE713ED52B2FB78800FCB07C /* StoreApp.app */,
			);
			name = Products;
			sourceTree = "<group>";
		};
		EE713ED72B2FB78800FCB07C /* StoreApp */ = {
			isa = PBXGroup;
			children = (
				EE713ED82B2FB78800FCB07C /* StoreAppApp.swift */,
				EE713EF42B2FC9F400FCB07C /* CustomTabBar */,
				EE713F0E2B2FED3000FCB07C /* NetworkManager */,
				EE713F0B2B2FED1D00FCB07C /* Model */,
				EE713EFD2B2FECC300FCB07C /* Main */,
				EE713F002B2FECD500FCB07C /* Categories */,
				EE713F032B2FECE500FCB07C /* Product */,
				EE713F062B2FED0000FCB07C /* ProductDetail */,
				EE713F112B2FEFC000FCB07C /* Components */,
				EE713EDC2B2FB78A00FCB07C /* Assets.xcassets */,
				EE713EDE2B2FB78A00FCB07C /* Preview Content */,
			);
			path = StoreApp;
			sourceTree = "<group>";
		};
		EE713EDE2B2FB78A00FCB07C /* Preview Content */ = {
			isa = PBXGroup;
			children = (
				EE713EDF2B2FB78A00FCB07C /* Preview Assets.xcassets */,
			);
			path = "Preview Content";
			sourceTree = "<group>";
		};
		EE713EF42B2FC9F400FCB07C /* CustomTabBar */ = {
			isa = PBXGroup;
			children = (
				EE713EF22B2FC7A700FCB07C /* AppTabBarView.swift */,
				EE713EF52B2FCA0B00FCB07C /* CustomTabBarView.swift */,
				EE713EF72B2FD72A00FCB07C /* CustomTabBarContainerView.swift */,
				EE713EF92B2FDB1700FCB07C /* TabBarItemsPreferenceKey.swift */,
				EE713EFB2B2FDE4700FCB07C /* TabBarItem.swift */,
			);
			path = CustomTabBar;
			sourceTree = "<group>";
		};
		EE713EFD2B2FECC300FCB07C /* Main */ = {
			isa = PBXGroup;
			children = (
				EE713EE62B2FC10D00FCB07C /* MainView.swift */,
				EE713EFE2B2FECD100FCB07C /* MainViewModel.swift */,
			);
			path = Main;
			sourceTree = "<group>";
		};
		EE713F002B2FECD500FCB07C /* Categories */ = {
			isa = PBXGroup;
			children = (
				EE713EE82B2FC12200FCB07C /* CategoriesView.swift */,
				EE713F012B2FECE100FCB07C /* CategoriesViewModel.swift */,
			);
			path = Categories;
			sourceTree = "<group>";
		};
		EE713F032B2FECE500FCB07C /* Product */ = {
			isa = PBXGroup;
			children = (
				EE713EEA2B2FC12F00FCB07C /* ProductsView.swift */,
				EE713F042B2FECFC00FCB07C /* ProductsViewModel.swift */,
			);
			path = Product;
			sourceTree = "<group>";
		};
		EE713F062B2FED0000FCB07C /* ProductDetail */ = {
			isa = PBXGroup;
			children = (
				EE713EEC2B2FC13F00FCB07C /* ProductDetailView.swift */,
				EE713F072B2FED1100FCB07C /* ProductDetailViewModel.swift */,
			);
			path = ProductDetail;
			sourceTree = "<group>";
		};
		EE713F0B2B2FED1D00FCB07C /* Model */ = {
			isa = PBXGroup;
			children = (
				EE713F092B2FED1A00FCB07C /* ProductModel.swift */,
			);
			path = Model;
			sourceTree = "<group>";
		};
		EE713F0E2B2FED3000FCB07C /* NetworkManager */ = {
			isa = PBXGroup;
			children = (
				EE713F0C2B2FED2A00FCB07C /* NetworkManager.swift */,
			);
			path = NetworkManager;
			sourceTree = "<group>";
		};
		EE713F112B2FEFC000FCB07C /* Components */ = {
			isa = PBXGroup;
			children = (
				EE713F0F2B2FEFB900FCB07C /* ProductCardComponentView.swift */,
				EE713F182B30EF1C00FCB07C /* PrimaryButtonComponentView.swift */,
				EE713F122B2FF5C000FCB07C /* TitleDescriptionComponentView.swift */,
				EE713F162B30379B00FCB07C /* CartButtonComponentView.swift */,
			);
			path = Components;
			sourceTree = "<group>";
		};
/* End PBXGroup section */

/* Begin PBXNativeTarget section */
		EE713ED42B2FB78800FCB07C /* StoreApp */ = {
			isa = PBXNativeTarget;
			buildConfigurationList = EE713EE32B2FB78A00FCB07C /* Build configuration list for PBXNativeTarget "StoreApp" */;
			buildPhases = (
				EE713ED12B2FB78800FCB07C /* Sources */,
				EE713ED22B2FB78800FCB07C /* Frameworks */,
				EE713ED32B2FB78800FCB07C /* Resources */,
			);
			buildRules = (
			);
			dependencies = (
			);
			name = StoreApp;
			productName = StoreApp;
			productReference = EE713ED52B2FB78800FCB07C /* StoreApp.app */;
			productType = "com.apple.product-type.application";
		};
/* End PBXNativeTarget section */

/* Begin PBXProject section */
		EE713ECD2B2FB78800FCB07C /* Project object */ = {
			isa = PBXProject;
			attributes = {
				BuildIndependentTargetsInParallel = 1;
				LastSwiftUpdateCheck = 1500;
				LastUpgradeCheck = 1500;
				TargetAttributes = {
					EE713ED42B2FB78800FCB07C = {
						CreatedOnToolsVersion = 15.0.1;
					};
				};
			};
			buildConfigurationList = EE713ED02B2FB78800FCB07C /* Build configuration list for PBXProject "StoreApp" */;
			compatibilityVersion = "Xcode 14.0";
			developmentRegion = en;
			hasScannedForEncodings = 0;
			knownRegions = (
				en,
				Base,
			);
			mainGroup = EE713ECC2B2FB78800FCB07C;
			productRefGroup = EE713ED62B2FB78800FCB07C /* Products */;
			projectDirPath = "";
			projectRoot = "";
			targets = (
				EE713ED42B2FB78800FCB07C /* StoreApp */,
			);
		};
/* End PBXProject section */

/* Begin PBXResourcesBuildPhase section */
		EE713ED32B2FB78800FCB07C /* Resources */ = {
			isa = PBXResourcesBuildPhase;
			buildActionMask = 2147483647;
			files = (
				EE713EE02B2FB78A00FCB07C /* Preview Assets.xcassets in Resources */,
				EE713EDD2B2FB78A00FCB07C /* Assets.xcassets in Resources */,
			);
			runOnlyForDeploymentPostprocessing = 0;
		};
/* End PBXResourcesBuildPhase section */

/* Begin PBXSourcesBuildPhase section */
		EE713ED12B2FB78800FCB07C /* Sources */ = {
			isa = PBXSourcesBuildPhase;
			buildActionMask = 2147483647;
			files = (
				EE713F0A2B2FED1A00FCB07C /* ProductModel.swift in Sources */,
				EE713EF62B2FCA0B00FCB07C /* CustomTabBarView.swift in Sources */,
				EE713F192B30EF1C00FCB07C /* PrimaryButtonComponentView.swift in Sources */,
				EE713F102B2FEFB900FCB07C /* ProductCardComponentView.swift in Sources */,
				EE713EF32B2FC7A700FCB07C /* AppTabBarView.swift in Sources */,
				EE713EFC2B2FDE4700FCB07C /* TabBarItem.swift in Sources */,
				EE713F0D2B2FED2A00FCB07C /* NetworkManager.swift in Sources */,
				EE713F172B30379B00FCB07C /* CartButtonComponentView.swift in Sources */,
				EE713F132B2FF5C000FCB07C /* TitleDescriptionComponentView.swift in Sources */,
				EE713F082B2FED1100FCB07C /* ProductDetailViewModel.swift in Sources */,
				EE713F052B2FECFC00FCB07C /* ProductsViewModel.swift in Sources */,
				EE713EEB2B2FC12F00FCB07C /* ProductsView.swift in Sources */,
				EE713EED2B2FC13F00FCB07C /* ProductDetailView.swift in Sources */,
				EE713ED92B2FB78800FCB07C /* StoreAppApp.swift in Sources */,
				EE713EE72B2FC10D00FCB07C /* MainView.swift in Sources */,
				EE713EFA2B2FDB1700FCB07C /* TabBarItemsPreferenceKey.swift in Sources */,
				EE713EE92B2FC12200FCB07C /* CategoriesView.swift in Sources */,
				EE713EF82B2FD72A00FCB07C /* CustomTabBarContainerView.swift in Sources */,
				EE713F022B2FECE100FCB07C /* CategoriesViewModel.swift in Sources */,
				EE713EFF2B2FECD100FCB07C /* MainViewModel.swift in Sources */,
			);
			runOnlyForDeploymentPostprocessing = 0;
		};
/* End PBXSourcesBuildPhase section */

/* Begin XCBuildConfiguration section */
		EE713EE12B2FB78A00FCB07C /* Debug */ = {
			isa = XCBuildConfiguration;
			buildSettings = {
				ALWAYS_SEARCH_USER_PATHS = NO;
				ASSETCATALOG_COMPILER_GENERATE_SWIFT_ASSET_SYMBOL_EXTENSIONS = YES;
				CLANG_ANALYZER_NONNULL = YES;
				CLANG_ANALYZER_NUMBER_OBJECT_CONVERSION = YES_AGGRESSIVE;
				CLANG_CXX_LANGUAGE_STANDARD = "gnu++20";
				CLANG_ENABLE_MODULES = YES;
				CLANG_ENABLE_OBJC_ARC = YES;
				CLANG_ENABLE_OBJC_WEAK = YES;
				CLANG_WARN_BLOCK_CAPTURE_AUTORELEASING = YES;
				CLANG_WARN_BOOL_CONVERSION = YES;
				CLANG_WARN_COMMA = YES;
				CLANG_WARN_CONSTANT_CONVERSION = YES;
				CLANG_WARN_DEPRECATED_OBJC_IMPLEMENTATIONS = YES;
				CLANG_WARN_DIRECT_OBJC_ISA_USAGE = YES_ERROR;
				CLANG_WARN_DOCUMENTATION_COMMENTS = YES;
				CLANG_WARN_EMPTY_BODY = YES;
				CLANG_WARN_ENUM_CONVERSION = YES;
				CLANG_WARN_INFINITE_RECURSION = YES;
				CLANG_WARN_INT_CONVERSION = YES;
				CLANG_WARN_NON_LITERAL_NULL_CONVERSION = YES;
				CLANG_WARN_OBJC_IMPLICIT_RETAIN_SELF = YES;
				CLANG_WARN_OBJC_LITERAL_CONVERSION = YES;
				CLANG_WARN_OBJC_ROOT_CLASS = YES_ERROR;
				CLANG_WARN_QUOTED_INCLUDE_IN_FRAMEWORK_HEADER = YES;
				CLANG_WARN_RANGE_LOOP_ANALYSIS = YES;
				CLANG_WARN_STRICT_PROTOTYPES = YES;
				CLANG_WARN_SUSPICIOUS_MOVE = YES;
				CLANG_WARN_UNGUARDED_AVAILABILITY = YES_AGGRESSIVE;
				CLANG_WARN_UNREACHABLE_CODE = YES;
				CLANG_WARN__DUPLICATE_METHOD_MATCH = YES;
				COPY_PHASE_STRIP = NO;
				DEBUG_INFORMATION_FORMAT = dwarf;
				ENABLE_STRICT_OBJC_MSGSEND = YES;
				ENABLE_TESTABILITY = YES;
				ENABLE_USER_SCRIPT_SANDBOXING = YES;
				GCC_C_LANGUAGE_STANDARD = gnu17;
				GCC_DYNAMIC_NO_PIC = NO;
				GCC_NO_COMMON_BLOCKS = YES;
				GCC_OPTIMIZATION_LEVEL = 0;
				GCC_PREPROCESSOR_DEFINITIONS = (
					"DEBUG=1",
					"$(inherited)",
				);
				GCC_WARN_64_TO_32_BIT_CONVERSION = YES;
				GCC_WARN_ABOUT_RETURN_TYPE = YES_ERROR;
				GCC_WARN_UNDECLARED_SELECTOR = YES;
				GCC_WARN_UNINITIALIZED_AUTOS = YES_AGGRESSIVE;
				GCC_WARN_UNUSED_FUNCTION = YES;
				GCC_WARN_UNUSED_VARIABLE = YES;
				IPHONEOS_DEPLOYMENT_TARGET = 17.0;
				LOCALIZATION_PREFERS_STRING_CATALOGS = YES;
				MTL_ENABLE_DEBUG_INFO = INCLUDE_SOURCE;
				MTL_FAST_MATH = YES;
				ONLY_ACTIVE_ARCH = YES;
				SDKROOT = iphoneos;
				SWIFT_ACTIVE_COMPILATION_CONDITIONS = "DEBUG $(inherited)";
				SWIFT_OPTIMIZATION_LEVEL = "-Onone";
			};
			name = Debug;
		};
		EE713EE22B2FB78A00FCB07C /* Release */ = {
			isa = XCBuildConfiguration;
			buildSettings = {
				ALWAYS_SEARCH_USER_PATHS = NO;
				ASSETCATALOG_COMPILER_GENERATE_SWIFT_ASSET_SYMBOL_EXTENSIONS = YES;
				CLANG_ANALYZER_NONNULL = YES;
				CLANG_ANALYZER_NUMBER_OBJECT_CONVERSION = YES_AGGRESSIVE;
				CLANG_CXX_LANGUAGE_STANDARD = "gnu++20";
				CLANG_ENABLE_MODULES = YES;
				CLANG_ENABLE_OBJC_ARC = YES;
				CLANG_ENABLE_OBJC_WEAK = YES;
				CLANG_WARN_BLOCK_CAPTURE_AUTORELEASING = YES;
				CLANG_WARN_BOOL_CONVERSION = YES;
				CLANG_WARN_COMMA = YES;
				CLANG_WARN_CONSTANT_CONVERSION = YES;
				CLANG_WARN_DEPRECATED_OBJC_IMPLEMENTATIONS = YES;
				CLANG_WARN_DIRECT_OBJC_ISA_USAGE = YES_ERROR;
				CLANG_WARN_DOCUMENTATION_COMMENTS = YES;
				CLANG_WARN_EMPTY_BODY = YES;
				CLANG_WARN_ENUM_CONVERSION = YES;
				CLANG_WARN_INFINITE_RECURSION = YES;
				CLANG_WARN_INT_CONVERSION = YES;
				CLANG_WARN_NON_LITERAL_NULL_CONVERSION = YES;
				CLANG_WARN_OBJC_IMPLICIT_RETAIN_SELF = YES;
				CLANG_WARN_OBJC_LITERAL_CONVERSION = YES;
				CLANG_WARN_OBJC_ROOT_CLASS = YES_ERROR;
				CLANG_WARN_QUOTED_INCLUDE_IN_FRAMEWORK_HEADER = YES;
				CLANG_WARN_RANGE_LOOP_ANALYSIS = YES;
				CLANG_WARN_STRICT_PROTOTYPES = YES;
				CLANG_WARN_SUSPICIOUS_MOVE = YES;
				CLANG_WARN_UNGUARDED_AVAILABILITY = YES_AGGRESSIVE;
				CLANG_WARN_UNREACHABLE_CODE = YES;
				CLANG_WARN__DUPLICATE_METHOD_MATCH = YES;
				COPY_PHASE_STRIP = NO;
				DEBUG_INFORMATION_FORMAT = "dwarf-with-dsym";
				ENABLE_NS_ASSERTIONS = NO;
				ENABLE_STRICT_OBJC_MSGSEND = YES;
				ENABLE_USER_SCRIPT_SANDBOXING = YES;
				GCC_C_LANGUAGE_STANDARD = gnu17;
				GCC_NO_COMMON_BLOCKS = YES;
				GCC_WARN_64_TO_32_BIT_CONVERSION = YES;
				GCC_WARN_ABOUT_RETURN_TYPE = YES_ERROR;
				GCC_WARN_UNDECLARED_SELECTOR = YES;
				GCC_WARN_UNINITIALIZED_AUTOS = YES_AGGRESSIVE;
				GCC_WARN_UNUSED_FUNCTION = YES;
				GCC_WARN_UNUSED_VARIABLE = YES;
				IPHONEOS_DEPLOYMENT_TARGET = 17.0;
				LOCALIZATION_PREFERS_STRING_CATALOGS = YES;
				MTL_ENABLE_DEBUG_INFO = NO;
				MTL_FAST_MATH = YES;
				SDKROOT = iphoneos;
				SWIFT_COMPILATION_MODE = wholemodule;
				VALIDATE_PRODUCT = YES;
			};
			name = Release;
		};
		EE713EE42B2FB78A00FCB07C /* Debug */ = {
			isa = XCBuildConfiguration;
			buildSettings = {
				ASSETCATALOG_COMPILER_APPICON_NAME = AppIcon;
				ASSETCATALOG_COMPILER_GLOBAL_ACCENT_COLOR_NAME = AccentColor;
				CODE_SIGN_STYLE = Automatic;
				CURRENT_PROJECT_VERSION = 1;
				DEVELOPMENT_ASSET_PATHS = "\"StoreApp/Preview Content\"";
				DEVELOPMENT_TEAM = "";
				ENABLE_PREVIEWS = YES;
				GENERATE_INFOPLIST_FILE = YES;
				INFOPLIST_KEY_UIApplicationSceneManifest_Generation = YES;
				INFOPLIST_KEY_UIApplicationSupportsIndirectInputEvents = YES;
				INFOPLIST_KEY_UILaunchScreen_Generation = YES;
				INFOPLIST_KEY_UISupportedInterfaceOrientations_iPad = "UIInterfaceOrientationPortrait UIInterfaceOrientationPortraitUpsideDown UIInterfaceOrientationLandscapeLeft UIInterfaceOrientationLandscapeRight";
				INFOPLIST_KEY_UISupportedInterfaceOrientations_iPhone = "UIInterfaceOrientationPortrait UIInterfaceOrientationLandscapeLeft UIInterfaceOrientationLandscapeRight";
				IPHONEOS_DEPLOYMENT_TARGET = 16.0;
				LD_RUNPATH_SEARCH_PATHS = (
					"$(inherited)",
					"@executable_path/Frameworks",
				);
				MARKETING_VERSION = 1.0;
				PRODUCT_BUNDLE_IDENTIFIER = test.test.storeapp123;
				PRODUCT_NAME = "$(TARGET_NAME)";
				SWIFT_EMIT_LOC_STRINGS = YES;
				SWIFT_VERSION = 5.0;
				TARGETED_DEVICE_FAMILY = "1,2";
			};
			name = Debug;
		};
		EE713EE52B2FB78A00FCB07C /* Release */ = {
			isa = XCBuildConfiguration;
			buildSettings = {
				ASSETCATALOG_COMPILER_APPICON_NAME = AppIcon;
				ASSETCATALOG_COMPILER_GLOBAL_ACCENT_COLOR_NAME = AccentColor;
				CODE_SIGN_STYLE = Automatic;
				CURRENT_PROJECT_VERSION = 1;
				DEVELOPMENT_ASSET_PATHS = "\"StoreApp/Preview Content\"";
				DEVELOPMENT_TEAM = "";
				ENABLE_PREVIEWS = YES;
				GENERATE_INFOPLIST_FILE = YES;
				INFOPLIST_KEY_UIApplicationSceneManifest_Generation = YES;
				INFOPLIST_KEY_UIApplicationSupportsIndirectInputEvents = YES;
				INFOPLIST_KEY_UILaunchScreen_Generation = YES;
				INFOPLIST_KEY_UISupportedInterfaceOrientations_iPad = "UIInterfaceOrientationPortrait UIInterfaceOrientationPortraitUpsideDown UIInterfaceOrientationLandscapeLeft UIInterfaceOrientationLandscapeRight";
				INFOPLIST_KEY_UISupportedInterfaceOrientations_iPhone = "UIInterfaceOrientationPortrait UIInterfaceOrientationLandscapeLeft UIInterfaceOrientationLandscapeRight";
				IPHONEOS_DEPLOYMENT_TARGET = 16.0;
				LD_RUNPATH_SEARCH_PATHS = (
					"$(inherited)",
					"@executable_path/Frameworks",
				);
				MARKETING_VERSION = 1.0;
				PRODUCT_BUNDLE_IDENTIFIER = test.test.storeapp123;
				PRODUCT_NAME = "$(TARGET_NAME)";
				SWIFT_EMIT_LOC_STRINGS = YES;
				SWIFT_VERSION = 5.0;
				TARGETED_DEVICE_FAMILY = "1,2";
			};
			name = Release;
		};
/* End XCBuildConfiguration section */

/* Begin XCConfigurationList section */
		EE713ED02B2FB78800FCB07C /* Build configuration list for PBXProject "StoreApp" */ = {
			isa = XCConfigurationList;
			buildConfigurations = (
				EE713EE12B2FB78A00FCB07C /* Debug */,
				EE713EE22B2FB78A00FCB07C /* Release */,
			);
			defaultConfigurationIsVisible = 0;
			defaultConfigurationName = Release;
		};
		EE713EE32B2FB78A00FCB07C /* Build configuration list for PBXNativeTarget "StoreApp" */ = {
			isa = XCConfigurationList;
			buildConfigurations = (
				EE713EE42B2FB78A00FCB07C /* Debug */,
				EE713EE52B2FB78A00FCB07C /* Release */,
			);
			defaultConfigurationIsVisible = 0;
			defaultConfigurationName = Release;
		};
/* End XCConfigurationList section */
	};
	rootObject = EE713ECD2B2FB78800FCB07C /* Project object */;
}
